
Microsoft Visual Studio Solution File, Format Version 12.00
# Visual Studio Version 16
VisualStudioVersion = 16.0.31515.178
MinimumVisualStudioVersion = 10.0.40219.1
Project("{FAE04EC0-301F-11D3-BF4B-00C04F79EFBC}") = "Ch11Ex05", "Ch11Ex05.csproj", "{969960DB-2671-4F8A-A09B-44A38D9FC291}"
EndProject
Global
	GlobalSection(SolutionConfigurationPlatforms) = preSolution
		Debug|Any CPU = Debug|Any CPU
		Release|Any CPU = Release|Any CPU
	EndGlobalSection
	GlobalSection(ProjectConfigurationPlatforms) = postSolution
		{969960DB-2671-4F8A-A09B-44A38D9FC291}.Debug|Any CPU.ActiveCfg = Debug|Any CPU
		{969960DB-2671-4F8A-A09B-44A38D9FC291}.Debug|Any CPU.Build.0 = Debug|Any CPU
		{969960DB-2671-4F8A-A09B-44A38D9FC291}.Release|Any CPU.ActiveCfg = Release|Any CPU
		{969960DB-2671-4F8A-A09B-44A38D9FC291}.Release|Any CPU.Build.0 = Release|Any CPU
	EndGlobalSection
	GlobalSection(SolutionProperties) = preSolution
		HideSolutionNode = FALSE
	EndGlobalSection
	GlobalSection(ExtensibilityGlobals) = postSolution
		SolutionGuid = {DDC73DAB-7046-4DAD-83CA-15F635418ADB}
	EndGlobalSection
EndGlobal
